// !$*UTF8*$!
{
	archiveVersion = 1;
	classes = {
	};
	objectVersion = 56;
	objects = {

/* Begin PBXBuildFile section */
		23B65D932A4376B7006F3819 /* fcistalkApp.swift in Sources */ = {isa = PBXBuildFile; fileRef = 23B65D922A4376B7006F3819 /* fcistalkApp.swift */; };
		23B65D952A4376B7006F3819 /* ContentView.swift in Sources */ = {isa = PBXBuildFile; fileRef = 23B65D942A4376B7006F3819 /* ContentView.swift */; };
		23B65D972A4376B9006F3819 /* Assets.xcassets in Resources */ = {isa = PBXBuildFile; fileRef = 23B65D962A4376B9006F3819 /* Assets.xcassets */; };
		23B65D9A2A4376B9006F3819 /* Preview Assets.xcassets in Resources */ = {isa = PBXBuildFile; fileRef = 23B65D992A4376B9006F3819 /* Preview Assets.xcassets */; };
		23B65DA42A4376B9006F3819 /* SystemViewModelTests.swift in Sources */ = {isa = PBXBuildFile; fileRef = 23B65DA32A4376B9006F3819 /* SystemViewModelTests.swift */; };
		23D110CC2A44C981001379DD /* FcisSystemViewModel.swift in Sources */ = {isa = PBXBuildFile; fileRef = 23D110CB2A44C981001379DD /* FcisSystemViewModel.swift */; };
		23D110CE2A44CE83001379DD /* FcisSystemViewModelTests.swift in Sources */ = {isa = PBXBuildFile; fileRef = 23D110CD2A44CE83001379DD /* FcisSystemViewModelTests.swift */; };
		23D110D02A44D11B001379DD /* FcisSystemViewModelIntergrationTests.swift in Sources */ = {isa = PBXBuildFile; fileRef = 23D110CF2A44D11B001379DD /* FcisSystemViewModelIntergrationTests.swift */; };
		23D1BD622A4467DB001379DD /* Helpers.swift in Sources */ = {isa = PBXBuildFile; fileRef = 23D1BD612A4467DB001379DD /* Helpers.swift */; };
		23D1BD642A4467FF001379DD /* SystemViewModel.swift in Sources */ = {isa = PBXBuildFile; fileRef = 23D1BD632A4467FF001379DD /* SystemViewModel.swift */; };
/* End PBXBuildFile section */

/* Begin PBXContainerItemProxy section */
		23B65DA02A4376B9006F3819 /* PBXContainerItemProxy */ = {
			isa = PBXContainerItemProxy;
			containerPortal = 23B65D872A4376B7006F3819 /* Project object */;
			proxyType = 1;
			remoteGlobalIDString = 23B65D8E2A4376B7006F3819;
			remoteInfo = fcistalk;
		};
/* End PBXContainerItemProxy section */

/* Begin PBXFileReference section */
		2341890A2A4AB245003899E4 /* fcistalk.playground */ = {isa = PBXFileReference; lastKnownFileType = file.playground; path = fcistalk.playground; sourceTree = "<group>"; xcLanguageSpecificationIdentifier = xcode.lang.swift; };
		23B65D8F2A4376B7006F3819 /* fcistalk.app */ = {isa = PBXFileReference; explicitFileType = wrapper.application; includeInIndex = 0; path = fcistalk.app; sourceTree = BUILT_PRODUCTS_DIR; };
		23B65D922A4376B7006F3819 /* fcistalkApp.swift */ = {isa = PBXFileReference; lastKnownFileType = sourcecode.swift; path = fcistalkApp.swift; sourceTree = "<group>"; };
		23B65D942A4376B7006F3819 /* ContentView.swift */ = {isa = PBXFileReference; lastKnownFileType = sourcecode.swift; path = ContentView.swift; sourceTree = "<group>"; };
		23B65D962A4376B9006F3819 /* Assets.xcassets */ = {isa = PBXFileReference; lastKnownFileType = folder.assetcatalog; path = Assets.xcassets; sourceTree = "<group>"; };
		23B65D992A4376B9006F3819 /* Preview Assets.xcassets */ = {isa = PBXFileReference; lastKnownFileType = folder.assetcatalog; path = "Preview Assets.xcassets"; sourceTree = "<group>"; };
		23B65D9F2A4376B9006F3819 /* fcistalkTests.xctest */ = {isa = PBXFileReference; explicitFileType = wrapper.cfbundle; includeInIndex = 0; path = fcistalkTests.xctest; sourceTree = BUILT_PRODUCTS_DIR; };
		23B65DA32A4376B9006F3819 /* SystemViewModelTests.swift */ = {isa = PBXFileReference; lastKnownFileType = sourcecode.swift; path = SystemViewModelTests.swift; sourceTree = "<group>"; };
		23D110CB2A44C981001379DD /* FcisSystemViewModel.swift */ = {isa = PBXFileReference; fileEncoding = 4; lastKnownFileType = sourcecode.swift; path = FcisSystemViewModel.swift; sourceTree = "<group>"; };
		23D110CD2A44CE83001379DD /* FcisSystemViewModelTests.swift */ = {isa = PBXFileReference; fileEncoding = 4; lastKnownFileType = sourcecode.swift; path = FcisSystemViewModelTests.swift; sourceTree = "<group>"; };
		23D110CF2A44D11B001379DD /* FcisSystemViewModelIntergrationTests.swift */ = {isa = PBXFileReference; lastKnownFileType = sourcecode.swift; path = FcisSystemViewModelIntergrationTests.swift; sourceTree = "<group>"; };
		23D1BD612A4467DB001379DD /* Helpers.swift */ = {isa = PBXFileReference; lastKnownFileType = sourcecode.swift; path = Helpers.swift; sourceTree = "<group>"; };
		23D1BD632A4467FF001379DD /* SystemViewModel.swift */ = {isa = PBXFileReference; lastKnownFileType = sourcecode.swift; path = SystemViewModel.swift; sourceTree = "<group>"; };
/* End PBXFileReference section */

/* Begin PBXFrameworksBuildPhase section */
		23B65D8C2A4376B7006F3819 /* Frameworks */ = {
			isa = PBXFrameworksBuildPhase;
			buildActionMask = 2147483647;
			files = (
			);
			runOnlyForDeploymentPostprocessing = 0;
		};
		23B65D9C2A4376B9006F3819 /* Frameworks */ = {
			isa = PBXFrameworksBuildPhase;
			buildActionMask = 2147483647;
			files = (
			);
			runOnlyForDeploymentPostprocessing = 0;
		};
/* End PBXFrameworksBuildPhase section */

/* Begin PBXGroup section */
		23B65D862A4376B7006F3819 = {
			isa = PBXGroup;
			children = (
				2341890A2A4AB245003899E4 /* fcistalk.playground */,
				23B65D912A4376B7006F3819 /* fcistalk */,
				23B65DA22A4376B9006F3819 /* fcistalkTests */,
				23B65D902A4376B7006F3819 /* Products */,
			);
			sourceTree = "<group>";
		};
		23B65D902A4376B7006F3819 /* Products */ = {
			isa = PBXGroup;
			children = (
				23B65D8F2A4376B7006F3819 /* fcistalk.app */,
				23B65D9F2A4376B9006F3819 /* fcistalkTests.xctest */,
			);
			name = Products;
			sourceTree = "<group>";
		};
		23B65D912A4376B7006F3819 /* fcistalk */ = {
			isa = PBXGroup;
			children = (
				23B65D922A4376B7006F3819 /* fcistalkApp.swift */,
				23B65D942A4376B7006F3819 /* ContentView.swift */,
				23D1BD632A4467FF001379DD /* SystemViewModel.swift */,
				23D110CB2A44C981001379DD /* FcisSystemViewModel.swift */,
				23D1BD612A4467DB001379DD /* Helpers.swift */,
				23B65D962A4376B9006F3819 /* Assets.xcassets */,
				23B65D982A4376B9006F3819 /* Preview Content */,
			);
			path = fcistalk;
			sourceTree = "<group>";
		};
		23B65D982A4376B9006F3819 /* Preview Content */ = {
			isa = PBXGroup;
			children = (
				23B65D992A4376B9006F3819 /* Preview Assets.xcassets */,
			);
			path = "Preview Content";
			sourceTree = "<group>";
		};
		23B65DA22A4376B9006F3819 /* fcistalkTests */ = {
			isa = PBXGroup;
			children = (
				23B65DA32A4376B9006F3819 /* SystemViewModelTests.swift */,
				23D110CD2A44CE83001379DD /* FcisSystemViewModelTests.swift */,
				23D110CF2A44D11B001379DD /* FcisSystemViewModelIntergrationTests.swift */,
			);
			path = fcistalkTests;
			sourceTree = "<group>";
		};
/* End PBXGroup section */

/* Begin PBXNativeTarget section */
		23B65D8E2A4376B7006F3819 /* fcistalk */ = {
			isa = PBXNativeTarget;
			buildConfigurationList = 23B65DB32A4376B9006F3819 /* Build configuration list for PBXNativeTarget "fcistalk" */;
			buildPhases = (
				23B65D8B2A4376B7006F3819 /* Sources */,
				23B65D8C2A4376B7006F3819 /* Frameworks */,
				23B65D8D2A4376B7006F3819 /* Resources */,
			);
			buildRules = (
			);
			dependencies = (
			);
			name = fcistalk;
			productName = fcistalk;
			productReference = 23B65D8F2A4376B7006F3819 /* fcistalk.app */;
			productType = "com.apple.product-type.application";
		};
		23B65D9E2A4376B9006F3819 /* fcistalkTests */ = {
			isa = PBXNativeTarget;
			buildConfigurationList = 23B65DB62A4376B9006F3819 /* Build configuration list for PBXNativeTarget "fcistalkTests" */;
			buildPhases = (
				23B65D9B2A4376B9006F3819 /* Sources */,
				23B65D9C2A4376B9006F3819 /* Frameworks */,
				23B65D9D2A4376B9006F3819 /* Resources */,
			);
			buildRules = (
			);
			dependencies = (
				23B65DA12A4376B9006F3819 /* PBXTargetDependency */,
			);
			name = fcistalkTests;
			productName = fcistalkTests;
			productReference = 23B65D9F2A4376B9006F3819 /* fcistalkTests.xctest */;
			productType = "com.apple.product-type.bundle.unit-test";
		};
/* End PBXNativeTarget section */

/* Begin PBXProject section */
		23B65D872A4376B7006F3819 /* Project object */ = {
			isa = PBXProject;
			attributes = {
				BuildIndependentTargetsInParallel = 1;
				LastSwiftUpdateCheck = 1430;
				LastUpgradeCheck = 1430;
				TargetAttributes = {
					23B65D8E2A4376B7006F3819 = {
						CreatedOnToolsVersion = 14.3;
					};
					23B65D9E2A4376B9006F3819 = {
						CreatedOnToolsVersion = 14.3;
						TestTargetID = 23B65D8E2A4376B7006F3819;
					};
				};
			};
			buildConfigurationList = 23B65D8A2A4376B7006F3819 /* Build configuration list for PBXProject "fcistalk" */;
			compatibilityVersion = "Xcode 14.0";
			developmentRegion = en;
			hasScannedForEncodings = 0;
			knownRegions = (
				en,
				Base,
			);
			mainGroup = 23B65D862A4376B7006F3819;
			productRefGroup = 23B65D902A4376B7006F3819 /* Products */;
			projectDirPath = "";
			projectRoot = "";
			targets = (
				23B65D8E2A4376B7006F3819 /* fcistalk */,
				23B65D9E2A4376B9006F3819 /* fcistalkTests */,
			);
		};
/* End PBXProject section */

/* Begin PBXResourcesBuildPhase section */
		23B65D8D2A4376B7006F3819 /* Resources */ = {
			isa = PBXResourcesBuildPhase;
			buildActionMask = 2147483647;
			files = (
				23B65D9A2A4376B9006F3819 /* Preview Assets.xcassets in Resources */,
				23B65D972A4376B9006F3819 /* Assets.xcassets in Resources */,
			);
			runOnlyForDeploymentPostprocessing = 0;
		};
		23B65D9D2A4376B9006F3819 /* Resources */ = {
			isa = PBXResourcesBuildPhase;
			buildActionMask = 2147483647;
			files = (
			);
			runOnlyForDeploymentPostprocessing = 0;
		};
/* End PBXResourcesBuildPhase section */

/* Begin PBXSourcesBuildPhase section */
		23B65D8B2A4376B7006F3819 /* Sources */ = {
			isa = PBXSourcesBuildPhase;
			buildActionMask = 2147483647;
			files = (
				23B65D952A4376B7006F3819 /* ContentView.swift in Sources */,
				23D1BD642A4467FF001379DD /* SystemViewModel.swift in Sources */,
				23D110CC2A44C981001379DD /* FcisSystemViewModel.swift in Sources */,
				23D1BD622A4467DB001379DD /* Helpers.swift in Sources */,
				23B65D932A4376B7006F3819 /* fcistalkApp.swift in Sources */,
			);
			runOnlyForDeploymentPostprocessing = 0;
		};
		23B65D9B2A4376B9006F3819 /* Sources */ = {
			isa = PBXSourcesBuildPhase;
			buildActionMask = 2147483647;
			files = (
				23D110D02A44D11B001379DD /* FcisSystemViewModelIntergrationTests.swift in Sources */,
				23D110CE2A44CE83001379DD /* FcisSystemViewModelTests.swift in Sources */,
				23B65DA42A4376B9006F3819 /* SystemViewModelTests.swift in Sources */,
			);
			runOnlyForDeploymentPostprocessing = 0;
		};
/* End PBXSourcesBuildPhase section */

/* Begin PBXTargetDependency section */
		23B65DA12A4376B9006F3819 /* PBXTargetDependency */ = {
			isa = PBXTargetDependency;
			target = 23B65D8E2A4376B7006F3819 /* fcistalk */;
			targetProxy = 23B65DA02A4376B9006F3819 /* PBXContainerItemProxy */;
		};
/* End PBXTargetDependency section */

/* Begin XCBuildConfiguration section */
		23B65DB12A4376B9006F3819 /* Debug */ = {
			isa = XCBuildConfiguration;
			buildSettings = {
				ALWAYS_SEARCH_USER_PATHS = NO;
				CLANG_ANALYZER_NONNULL = YES;
				CLANG_ANALYZER_NUMBER_OBJECT_CONVERSION = YES_AGGRESSIVE;
				CLANG_CXX_LANGUAGE_STANDARD = "gnu++20";
				CLANG_ENABLE_MODULES = YES;
				CLANG_ENABLE_OBJC_ARC = YES;
				CLANG_ENABLE_OBJC_WEAK = YES;
				CLANG_WARN_BLOCK_CAPTURE_AUTORELEASING = YES;
				CLANG_WARN_BOOL_CONVERSION = YES;
				CLANG_WARN_COMMA = YES;
				CLANG_WARN_CONSTANT_CONVERSION = YES;
				CLANG_WARN_DEPRECATED_OBJC_IMPLEMENTATIONS = YES;
				CLANG_WARN_DIRECT_OBJC_ISA_USAGE = YES_ERROR;
				CLANG_WARN_DOCUMENTATION_COMMENTS = YES;
				CLANG_WARN_EMPTY_BODY = YES;
				CLANG_WARN_ENUM_CONVERSION = YES;
				CLANG_WARN_INFINITE_RECURSION = YES;
				CLANG_WARN_INT_CONVERSION = YES;
				CLANG_WARN_NON_LITERAL_NULL_CONVERSION = YES;
				CLANG_WARN_OBJC_IMPLICIT_RETAIN_SELF = YES;
				CLANG_WARN_OBJC_LITERAL_CONVERSION = YES;
				CLANG_WARN_OBJC_ROOT_CLASS = YES_ERROR;
				CLANG_WARN_QUOTED_INCLUDE_IN_FRAMEWORK_HEADER = YES;
				CLANG_WARN_RANGE_LOOP_ANALYSIS = YES;
				CLANG_WARN_STRICT_PROTOTYPES = YES;
				CLANG_WARN_SUSPICIOUS_MOVE = YES;
				CLANG_WARN_UNGUARDED_AVAILABILITY = YES_AGGRESSIVE;
				CLANG_WARN_UNREACHABLE_CODE = YES;
				CLANG_WARN__DUPLICATE_METHOD_MATCH = YES;
				COPY_PHASE_STRIP = NO;
				DEBUG_INFORMATION_FORMAT = dwarf;
				ENABLE_STRICT_OBJC_MSGSEND = YES;
				ENABLE_TESTABILITY = YES;
				GCC_C_LANGUAGE_STANDARD = gnu11;
				GCC_DYNAMIC_NO_PIC = NO;
				GCC_NO_COMMON_BLOCKS = YES;
				GCC_OPTIMIZATION_LEVEL = 0;
				GCC_PREPROCESSOR_DEFINITIONS = (
					"DEBUG=1",
					"$(inherited)",
				);
				GCC_WARN_64_TO_32_BIT_CONVERSION = YES;
				GCC_WARN_ABOUT_RETURN_TYPE = YES_ERROR;
				GCC_WARN_UNDECLARED_SELECTOR = YES;
				GCC_WARN_UNINITIALIZED_AUTOS = YES_AGGRESSIVE;
				GCC_WARN_UNUSED_FUNCTION = YES;
				GCC_WARN_UNUSED_VARIABLE = YES;
				IPHONEOS_DEPLOYMENT_TARGET = 16.4;
				MTL_ENABLE_DEBUG_INFO = INCLUDE_SOURCE;
				MTL_FAST_MATH = YES;
				ONLY_ACTIVE_ARCH = YES;
				SDKROOT = iphoneos;
				SWIFT_ACTIVE_COMPILATION_CONDITIONS = DEBUG;
				SWIFT_OPTIMIZATION_LEVEL = "-Onone";
			};
			name = Debug;
		};
		23B65DB22A4376B9006F3819 /* Release */ = {
			isa = XCBuildConfiguration;
			buildSettings = {
				ALWAYS_SEARCH_USER_PATHS = NO;
				CLANG_ANALYZER_NONNULL = YES;
				CLANG_ANALYZER_NUMBER_OBJECT_CONVERSION = YES_AGGRESSIVE;
				CLANG_CXX_LANGUAGE_STANDARD = "gnu++20";
				CLANG_ENABLE_MODULES = YES;
				CLANG_ENABLE_OBJC_ARC = YES;
				CLANG_ENABLE_OBJC_WEAK = YES;
				CLANG_WARN_BLOCK_CAPTURE_AUTORELEASING = YES;
				CLANG_WARN_BOOL_CONVERSION = YES;
				CLANG_WARN_COMMA = YES;
				CLANG_WARN_CONSTANT_CONVERSION = YES;
				CLANG_WARN_DEPRECATED_OBJC_IMPLEMENTATIONS = YES;
				CLANG_WARN_DIRECT_OBJC_ISA_USAGE = YES_ERROR;
				CLANG_WARN_DOCUMENTATION_COMMENTS = YES;
				CLANG_WARN_EMPTY_BODY = YES;
				CLANG_WARN_ENUM_CONVERSION = YES;
				CLANG_WARN_INFINITE_RECURSION = YES;
				CLANG_WARN_INT_CONVERSION = YES;
				CLANG_WARN_NON_LITERAL_NULL_CONVERSION = YES;
				CLANG_WARN_OBJC_IMPLICIT_RETAIN_SELF = YES;
				CLANG_WARN_OBJC_LITERAL_CONVERSION = YES;
				CLANG_WARN_OBJC_ROOT_CLASS = YES_ERROR;
				CLANG_WARN_QUOTED_INCLUDE_IN_FRAMEWORK_HEADER = YES;
				CLANG_WARN_RANGE_LOOP_ANALYSIS = YES;
				CLANG_WARN_STRICT_PROTOTYPES = YES;
				CLANG_WARN_SUSPICIOUS_MOVE = YES;
				CLANG_WARN_UNGUARDED_AVAILABILITY = YES_AGGRESSIVE;
				CLANG_WARN_UNREACHABLE_CODE = YES;
				CLANG_WARN__DUPLICATE_METHOD_MATCH = YES;
				COPY_PHASE_STRIP = NO;
				DEBUG_INFORMATION_FORMAT = "dwarf-with-dsym";
				ENABLE_NS_ASSERTIONS = NO;
				ENABLE_STRICT_OBJC_MSGSEND = YES;
				GCC_C_LANGUAGE_STANDARD = gnu11;
				GCC_NO_COMMON_BLOCKS = YES;
				GCC_WARN_64_TO_32_BIT_CONVERSION = YES;
				GCC_WARN_ABOUT_RETURN_TYPE = YES_ERROR;
				GCC_WARN_UNDECLARED_SELECTOR = YES;
				GCC_WARN_UNINITIALIZED_AUTOS = YES_AGGRESSIVE;
				GCC_WARN_UNUSED_FUNCTION = YES;
				GCC_WARN_UNUSED_VARIABLE = YES;
				IPHONEOS_DEPLOYMENT_TARGET = 16.4;
				MTL_ENABLE_DEBUG_INFO = NO;
				MTL_FAST_MATH = YES;
				SDKROOT = iphoneos;
				SWIFT_COMPILATION_MODE = wholemodule;
				SWIFT_OPTIMIZATION_LEVEL = "-O";
				VALIDATE_PRODUCT = YES;
			};
			name = Release;
		};
		23B65DB42A4376B9006F3819 /* Debug */ = {
			isa = XCBuildConfiguration;
			buildSettings = {
				ASSETCATALOG_COMPILER_APPICON_NAME = AppIcon;
				ASSETCATALOG_COMPILER_GLOBAL_ACCENT_COLOR_NAME = AccentColor;
				CODE_SIGN_STYLE = Automatic;
				CURRENT_PROJECT_VERSION = 1;
				DEVELOPMENT_ASSET_PATHS = "\"fcistalk/Preview Content\"";
				DEVELOPMENT_TEAM = 79NBZML2KJ;
				ENABLE_PREVIEWS = YES;
				GENERATE_INFOPLIST_FILE = YES;
				INFOPLIST_KEY_UIApplicationSceneManifest_Generation = YES;
				INFOPLIST_KEY_UIApplicationSupportsIndirectInputEvents = YES;
				INFOPLIST_KEY_UILaunchScreen_Generation = YES;
				INFOPLIST_KEY_UISupportedInterfaceOrientations_iPad = "UIInterfaceOrientationPortrait UIInterfaceOrientationPortraitUpsideDown UIInterfaceOrientationLandscapeLeft UIInterfaceOrientationLandscapeRight";
				INFOPLIST_KEY_UISupportedInterfaceOrientations_iPhone = "UIInterfaceOrientationPortrait UIInterfaceOrientationLandscapeLeft UIInterfaceOrientationLandscapeRight";
				LD_RUNPATH_SEARCH_PATHS = (
					"$(inherited)",
					"@executable_path/Frameworks",
				);
				MARKETING_VERSION = 1.0;
				PRODUCT_BUNDLE_IDENTIFIER = com.agpone.fcistalk;
				PRODUCT_NAME = "$(TARGET_NAME)";
				SWIFT_EMIT_LOC_STRINGS = YES;
				SWIFT_VERSION = 5.0;
				TARGETED_DEVICE_FAMILY = "1,2";
			};
			name = Debug;
		};
		23B65DB52A4376B9006F3819 /* Release */ = {
			isa = XCBuildConfiguration;
			buildSettings = {
				ASSETCATALOG_COMPILER_APPICON_NAME = AppIcon;
				ASSETCATALOG_COMPILER_GLOBAL_ACCENT_COLOR_NAME = AccentColor;
				CODE_SIGN_STYLE = Automatic;
				CURRENT_PROJECT_VERSION = 1;
				DEVELOPMENT_ASSET_PATHS = "\"fcistalk/Preview Content\"";
				DEVELOPMENT_TEAM = 79NBZML2KJ;
				ENABLE_PREVIEWS = YES;
				GENERATE_INFOPLIST_FILE = YES;
				INFOPLIST_KEY_UIApplicationSceneManifest_Generation = YES;
				INFOPLIST_KEY_UIApplicationSupportsIndirectInputEvents = YES;
				INFOPLIST_KEY_UILaunchScreen_Generation = YES;
				INFOPLIST_KEY_UISupportedInterfaceOrientations_iPad = "UIInterfaceOrientationPortrait UIInterfaceOrientationPortraitUpsideDown UIInterfaceOrientationLandscapeLeft UIInterfaceOrientationLandscapeRight";
				INFOPLIST_KEY_UISupportedInterfaceOrientations_iPhone = "UIInterfaceOrientationPortrait UIInterfaceOrientationLandscapeLeft UIInterfaceOrientationLandscapeRight";
				LD_RUNPATH_SEARCH_PATHS = (
					"$(inherited)",
					"@executable_path/Frameworks",
				);
				MARKETING_VERSION = 1.0;
				PRODUCT_BUNDLE_IDENTIFIER = com.agpone.fcistalk;
				PRODUCT_NAME = "$(TARGET_NAME)";
				SWIFT_EMIT_LOC_STRINGS = YES;
				SWIFT_VERSION = 5.0;
				TARGETED_DEVICE_FAMILY = "1,2";
			};
			name = Release;
		};
		23B65DB72A4376B9006F3819 /* Debug */ = {
			isa = XCBuildConfiguration;
			buildSettings = {
				ALWAYS_EMBED_SWIFT_STANDARD_LIBRARIES = YES;
				BUNDLE_LOADER = "$(TEST_HOST)";
				CODE_SIGN_STYLE = Automatic;
				CURRENT_PROJECT_VERSION = 1;
				DEVELOPMENT_TEAM = 79NBZML2KJ;
				GENERATE_INFOPLIST_FILE = YES;
				IPHONEOS_DEPLOYMENT_TARGET = 16.4;
				MARKETING_VERSION = 1.0;
				PRODUCT_BUNDLE_IDENTIFIER = com.agpone.fcistalkTests;
				PRODUCT_NAME = "$(TARGET_NAME)";
				SWIFT_EMIT_LOC_STRINGS = NO;
				SWIFT_VERSION = 5.0;
				TARGETED_DEVICE_FAMILY = "1,2";
				TEST_HOST = "$(BUILT_PRODUCTS_DIR)/fcistalk.app/$(BUNDLE_EXECUTABLE_FOLDER_PATH)/fcistalk";
			};
			name = Debug;
		};
		23B65DB82A4376B9006F3819 /* Release */ = {
			isa = XCBuildConfiguration;
			buildSettings = {
				ALWAYS_EMBED_SWIFT_STANDARD_LIBRARIES = YES;
				BUNDLE_LOADER = "$(TEST_HOST)";
				CODE_SIGN_STYLE = Automatic;
				CURRENT_PROJECT_VERSION = 1;
				DEVELOPMENT_TEAM = 79NBZML2KJ;
				GENERATE_INFOPLIST_FILE = YES;
				IPHONEOS_DEPLOYMENT_TARGET = 16.4;
				MARKETING_VERSION = 1.0;
				PRODUCT_BUNDLE_IDENTIFIER = com.agpone.fcistalkTests;
				PRODUCT_NAME = "$(TARGET_NAME)";
				SWIFT_EMIT_LOC_STRINGS = NO;
				SWIFT_VERSION = 5.0;
				TARGETED_DEVICE_FAMILY = "1,2";
				TEST_HOST = "$(BUILT_PRODUCTS_DIR)/fcistalk.app/$(BUNDLE_EXECUTABLE_FOLDER_PATH)/fcistalk";
			};
			name = Release;
		};
/* End XCBuildConfiguration section */

/* Begin XCConfigurationList section */
		23B65D8A2A4376B7006F3819 /* Build configuration list for PBXProject "fcistalk" */ = {
			isa = XCConfigurationList;
			buildConfigurations = (
				23B65DB12A4376B9006F3819 /* Debug */,
				23B65DB22A4376B9006F3819 /* Release */,
			);
			defaultConfigurationIsVisible = 0;
			defaultConfigurationName = Release;
		};
		23B65DB32A4376B9006F3819 /* Build configuration list for PBXNativeTarget "fcistalk" */ = {
			isa = XCConfigurationList;
			buildConfigurations = (
				23B65DB42A4376B9006F3819 /* Debug */,
				23B65DB52A4376B9006F3819 /* Release */,
			);
			defaultConfigurationIsVisible = 0;
			defaultConfigurationName = Release;
		};
		23B65DB62A4376B9006F3819 /* Build configuration list for PBXNativeTarget "fcistalkTests" */ = {
			isa = XCConfigurationList;
			buildConfigurations = (
				23B65DB72A4376B9006F3819 /* Debug */,
				23B65DB82A4376B9006F3819 /* Release */,
			);
			defaultConfigurationIsVisible = 0;
			defaultConfigurationName = Release;
		};
/* End XCConfigurationList section */
	};
	rootObject = 23B65D872A4376B7006F3819 /* Project object */;
}
